lockfileVersion: '9.0'

settings:
  autoInstallPeers: true
  excludeLinksFromLockfile: false

importers:

  .:
    dependencies:
      '@prisma/client':
        specifier: 6.3.1
        version: 6.3.1(prisma@6.3.1)
      '@types/redis':
        specifier: ^4.0.11
        version: 4.0.11
      '@types/ws':
        specifier: ^8.5.14
        version: 8.5.14
      bullmq:
        specifier: ^5.41.2
        version: 5.41.2
      cluster:
        specifier: ^0.7.7
        version: 0.7.7
      prisma:
        specifier: ^6.3.1
        version: 6.3.1
      redis:
        specifier: ^4.7.0
        version: 4.7.0
      ws:
        specifier: ^8.18.0
        version: 8.18.0
      youtube-search-api:
        specifier: ^1.2.2
        version: 1.2.2
    devDependencies:
      '@types/dotenv':
        specifier: ^8.2.3
        version: 8.2.3

packages:

  '@ioredis/commands@1.2.0':
    resolution: {integrity: sha512-Sx1pU8EM64o2BrqNpEO1CNLtKQwyhuXuqyfH7oGKCk+1a33d2r5saW8zNwm3j6BTExtjrv2BxTgzzkMwts6vGg==}

  '@msgpackr-extract/msgpackr-extract-darwin-arm64@3.0.3':
    resolution: {integrity: sha512-QZHtlVgbAdy2zAqNA9Gu1UpIuI8Xvsd1v8ic6B2pZmeFnFcMWiPLfWXh7TVw4eGEZ/C9TH281KwhVoeQUKbyjw==}
    cpu: [arm64]
    os: [darwin]

  '@msgpackr-extract/msgpackr-extract-darwin-x64@3.0.3':
    resolution: {integrity: sha512-mdzd3AVzYKuUmiWOQ8GNhl64/IoFGol569zNRdkLReh6LRLHOXxU4U8eq0JwaD8iFHdVGqSy4IjFL4reoWCDFw==}
    cpu: [x64]
    os: [darwin]

  '@msgpackr-extract/msgpackr-extract-linux-arm64@3.0.3':
    resolution: {integrity: sha512-YxQL+ax0XqBJDZiKimS2XQaf+2wDGVa1enVRGzEvLLVFeqa5kx2bWbtcSXgsxjQB7nRqqIGFIcLteF/sHeVtQg==}
    cpu: [arm64]
    os: [linux]

  '@msgpackr-extract/msgpackr-extract-linux-arm@3.0.3':
    resolution: {integrity: sha512-fg0uy/dG/nZEXfYilKoRe7yALaNmHoYeIoJuJ7KJ+YyU2bvY8vPv27f7UKhGRpY6euFYqEVhxCFZgAUNQBM3nw==}
    cpu: [arm]
    os: [linux]

  '@msgpackr-extract/msgpackr-extract-linux-x64@3.0.3':
    resolution: {integrity: sha512-cvwNfbP07pKUfq1uH+S6KJ7dT9K8WOE4ZiAcsrSes+UY55E/0jLYc+vq+DO7jlmqRb5zAggExKm0H7O/CBaesg==}
    cpu: [x64]
    os: [linux]

  '@msgpackr-extract/msgpackr-extract-win32-x64@3.0.3':
    resolution: {integrity: sha512-x0fWaQtYp4E6sktbsdAqnehxDgEc/VwM7uLsRCYWaiGu0ykYdZPiS8zCWdnjHwyiumousxfBm4SO31eXqwEZhQ==}
    cpu: [x64]
    os: [win32]

  '@prisma/client@6.3.1':
    resolution: {integrity: sha512-ARAJaPs+eBkemdky/XU3cvGRl+mIPHCN2lCXsl5Vlb0E2gV+R6IN7aCI8CisRGszEZondwIsW9Iz8EJkTdykyA==}
    engines: {node: '>=18.18'}
    peerDependencies:
      prisma: '*'
      typescript: '>=5.1.0'
    peerDependenciesMeta:
      prisma:
        optional: true
      typescript:
        optional: true

  '@prisma/debug@6.3.1':
    resolution: {integrity: sha512-RrEBkd+HLZx+ydfmYT0jUj7wjLiS95wfTOSQ+8FQbvb6vHh5AeKfEPt/XUQ5+Buljj8hltEfOslEW57/wQIVeA==}

  '@prisma/engines-version@6.3.0-17.acc0b9dd43eb689cbd20c9470515d719db10d0b0':
    resolution: {integrity: sha512-R/ZcMuaWZT2UBmgX3Ko6PAV3f8//ZzsjRIG1eKqp3f2rqEqVtCv+mtzuH2rBPUC9ujJ5kCb9wwpxeyCkLcHVyA==}

  '@prisma/engines@6.3.1':
    resolution: {integrity: sha512-sXdqEVLyGAJ5/iUoG/Ea5AdHMN71m6PzMBWRQnLmhhOejzqAaEr8rUd623ql6OJpED4s/U4vIn4dg1qkF7vGag==}

  '@prisma/fetch-engine@6.3.1':
    resolution: {integrity: sha512-HOf/0umOgt+/S2xtZze+FHKoxpVg4YpVxROr6g2YG09VsI3Ipyb+rGvD6QGbCqkq5NTWAAZoOGNL+oy7t+IhaQ==}

  '@prisma/get-platform@6.3.1':
    resolution: {integrity: sha512-AYLq6Hk9xG73JdLWJ3Ip9Wg/vlP7xPvftGBalsPzKDOHr/ImhwJ09eS8xC2vNT12DlzGxhfk8BkL0ve2OriNhQ==}

  '@redis/bloom@1.2.0':
    resolution: {integrity: sha512-HG2DFjYKbpNmVXsa0keLHp/3leGJz1mjh09f2RLGGLQZzSHpkmZWuwJbAvo3QcRY8p80m5+ZdXZdYOSBLlp7Cg==}
    peerDependencies:
      '@redis/client': ^1.0.0

  '@redis/client@1.6.0':
    resolution: {integrity: sha512-aR0uffYI700OEEH4gYnitAnv3vzVGXCFvYfdpu/CJKvk4pHfLPEy/JSZyrpQ+15WhXe1yJRXLtfQ84s4mEXnPg==}
    engines: {node: '>=14'}

  '@redis/graph@1.1.1':
    resolution: {integrity: sha512-FEMTcTHZozZciLRl6GiiIB4zGm5z5F3F6a6FZCyrfxdKOhFlGkiAqlexWMBzCi4DcRoyiOsuLfW+cjlGWyExOw==}
    peerDependencies:
      '@redis/client': ^1.0.0

  '@redis/json@1.0.7':
    resolution: {integrity: sha512-6UyXfjVaTBTJtKNG4/9Z8PSpKE6XgSyEb8iwaqDcy+uKrd/DGYHTWkUdnQDyzm727V7p21WUMhsqz5oy65kPcQ==}
    peerDependencies:
      '@redis/client': ^1.0.0

  '@redis/search@1.2.0':
    resolution: {integrity: sha512-tYoDBbtqOVigEDMAcTGsRlMycIIjwMCgD8eR2t0NANeQmgK/lvxNAvYyb6bZDD4frHRhIHkJu2TBRvB0ERkOmw==}
    peerDependencies:
      '@redis/client': ^1.0.0

  '@redis/time-series@1.1.0':
    resolution: {integrity: sha512-c1Q99M5ljsIuc4YdaCwfUEXsofakb9c8+Zse2qxTadu8TalLXuAESzLvFAvNVbkmSlvlzIQOLpBCmWI9wTOt+g==}
    peerDependencies:
      '@redis/client': ^1.0.0

  '@types/dotenv@8.2.3':
    resolution: {integrity: sha512-g2FXjlDX/cYuc5CiQvyU/6kkbP1JtmGzh0obW50zD7OKeILVL0NSpPWLXVfqoAGQjom2/SLLx9zHq0KXvD6mbw==}
    deprecated: This is a stub types definition. dotenv provides its own type definitions, so you do not need this installed.

  '@types/node@22.13.4':
    resolution: {integrity: sha512-ywP2X0DYtX3y08eFVx5fNIw7/uIv8hYUKgXoK8oayJlLnKcRfEYCxWMVE1XagUdVtCJlZT1AU4LXEABW+L1Peg==}

  '@types/redis@4.0.11':
    resolution: {integrity: sha512-bI+gth8La8Wg/QCR1+V1fhrL9+LZUSWfcqpOj2Kc80ZQ4ffbdL173vQd5wovmoV9i071FU9oP2g6etLuEwb6Rg==}
    deprecated: This is a stub types definition. redis provides its own type definitions, so you do not need this installed.

  '@types/ws@8.5.14':
    resolution: {integrity: sha512-bd/YFLW+URhBzMXurx7lWByOu+xzU9+kb3RboOteXYDfW+tr+JZa99OyNmPINEGB/ahzKrEuc8rcv4gnpJmxTw==}

  axios@0.21.4:
    resolution: {integrity: sha512-ut5vewkiu8jjGBdqpM44XxjuCjq9LAKeHVmoVfHVzy8eHgxxq8SbAVQNovDA8mVi05kP0Ea/n/UzcSHcTJQfNg==}

  bullmq@5.41.2:
    resolution: {integrity: sha512-wqsUIHW2Td86mTKTepqQpKLLUtP4gmX89bUO1YL2fAorxwj3da1GYtroGZMCg/zgB/+zMRsbylL6DHyMUWX7fA==}

  cluster-key-slot@1.1.2:
    resolution: {integrity: sha512-RMr0FhtfXemyinomL4hrWcYJxmX6deFdCxpJzhDttxgO1+bcCnkk+9drydLVDmAMG7NE6aN/fl4F7ucU/90gAA==}
    engines: {node: '>=0.10.0'}

  cluster@0.7.7:
    resolution: {integrity: sha512-16LzEZSoBUgRHSN7NA46ntGnI9tf0NnxTm3KCDvHd6aj4EsBqUbYDN3ImCfjYegBXJZiutULF5rWkcRusMIozQ==}

  cron-parser@4.9.0:
    resolution: {integrity: sha512-p0SaNjrHOnQeR8/VnfGbmg9te2kfyYSQ7Sc/j/6DtPL3JQvKxmjO9TSjNFpujqV3vEYYBvNNvXSxzyksBWAx1Q==}
    engines: {node: '>=12.0.0'}

  d@1.0.2:
    resolution: {integrity: sha512-MOqHvMWF9/9MX6nza0KgvFH4HpMU0EF5uUDXqX/BtxtU8NfB0QzRtJ8Oe/6SuS4kbhyzVJwjd97EA4PKrzJ8bw==}
    engines: {node: '>=0.12'}

  debug@4.4.0:
    resolution: {integrity: sha512-6WTZ/IxCY/T6BALoZHaE4ctp9xm+Z5kY/pzYaCHRFeyVhojxlrm+46y68HA6hr0TcwEssoxNiDEUJQjfPZ/RYA==}
    engines: {node: '>=6.0'}
    peerDependencies:
      supports-color: '*'
    peerDependenciesMeta:
      supports-color:
        optional: true

  denque@2.1.0:
    resolution: {integrity: sha512-HVQE3AAb/pxF8fQAoiqpvg9i3evqug3hoiwakOyZAwJm+6vZehbkYXZ0l4JxS+I3QxM97v5aaRNhj8v5oBhekw==}
    engines: {node: '>=0.10'}

  detect-libc@2.0.3:
    resolution: {integrity: sha512-bwy0MGW55bG41VqxxypOsdSdGqLwXPI/focwgTYCFMbdUiBAxLg9CFzG08sz2aqzknwiX7Hkl0bQENjg8iLByw==}
    engines: {node: '>=8'}

  dotenv@16.4.7:
    resolution: {integrity: sha512-47qPchRCykZC03FhkYAhrvwU4xDBFIj1QPqaarj6mdM/hgUzfPHcpkHJOn3mJAufFeeAxAzeGsr5X0M4k6fLZQ==}
    engines: {node: '>=12'}

  duration@0.2.2:
    resolution: {integrity: sha512-06kgtea+bGreF5eKYgI/36A6pLXggY7oR4p1pq4SmdFBn1ReOL5D8RhG64VrqfTTKNucqqtBAwEj8aB88mcqrg==}

  es5-ext@0.10.64:
    resolution: {integrity: sha512-p2snDhiLaXe6dahss1LddxqEm+SkuDvV8dnIQG0MWjyHpcMNfXKPE+/Cc0y+PhxJX3A4xGNeFCj5oc0BUh6deg==}
    engines: {node: '>=0.10'}

  es6-iterator@2.0.3:
    resolution: {integrity: sha512-zw4SRzoUkd+cl+ZoE15A9o1oQd920Bb0iOJMQkQhl3jNc03YqVjAhG7scf9C5KWRU/R13Orf588uCC6525o02g==}

  es6-symbol@3.1.4:
    resolution: {integrity: sha512-U9bFFjX8tFiATgtkJ1zg25+KviIXpgRvRHS8sau3GfhVzThRQrOeksPeT0BWW2MNZs1OEWJ1DPXOQMn0KKRkvg==}
    engines: {node: '>=0.12'}

  esniff@2.0.1:
    resolution: {integrity: sha512-kTUIGKQ/mDPFoJ0oVfcmyJn4iBDRptjNVIzwIFR7tqWXdVI9xfA2RMwY/gbSpJG3lkdWNEjLap/NqVHZiJsdfg==}
    engines: {node: '>=0.10'}

  event-emitter@0.3.5:
    resolution: {integrity: sha512-D9rRn9y7kLPnJ+hMq7S/nhvoKwwvVJahBi2BPmx3bvbsEdK3W9ii8cBSGjP+72/LnM4n6fo3+dkCX5FeTQruXA==}

  ext@1.7.0:
    resolution: {integrity: sha512-6hxeJYaL110a9b5TEJSj0gojyHQAmA2ch5Os+ySCiA1QGdS697XWY1pzsrSjqA9LDEEgdB/KypIlR59RcLuHYw==}

  follow-redirects@1.15.9:
    resolution: {integrity: sha512-gew4GsXizNgdoRyqmyfMHyAmXsZDk6mHkSxZFCzW9gwlbtOW44CDtYavM+y+72qD/Vq2l550kMF52DT8fOLJqQ==}
    engines: {node: '>=4.0'}
    peerDependencies:
      debug: '*'
    peerDependenciesMeta:
      debug:
        optional: true

  fsevents@2.3.3:
    resolution: {integrity: sha512-5xoDfX+fL7faATnagmWPpbFtwh/R77WmMMqqHGS65C3vvB0YHrgF+B1YmZ3441tMj5n63k0212XNoJwzlhffQw==}
    engines: {node: ^8.16.0 || ^10.6.0 || >=11.0.0}
    os: [darwin]

  generic-pool@3.9.0:
    resolution: {integrity: sha512-hymDOu5B53XvN4QT9dBmZxPX4CWhBPPLguTZ9MMFeFa/Kg0xWVfylOVNlJji/E7yTZWFd/q9GO5TxDLq156D7g==}
    engines: {node: '>= 4'}

  ioredis@5.5.0:
    resolution: {integrity: sha512-7CutT89g23FfSa8MDoIFs2GYYa0PaNiW/OrT+nRyjRXHDZd17HmIgy+reOQ/yhh72NznNjGuS8kbCAcA4Ro4mw==}
    engines: {node: '>=12.22.0'}

  lodash.defaults@4.2.0:
    resolution: {integrity: sha512-qjxPLHd3r5DnsdGacqOMU6pb/avJzdh9tFX2ymgoZE27BmjXrNy/y4LoaiTeAb+O3gL8AfpJGtqfX/ae2leYYQ==}

  lodash.isarguments@3.1.0:
    resolution: {integrity: sha512-chi4NHZlZqZD18a0imDHnZPrDeBbTtVN7GXMwuGdRH9qotxAjYs3aVLKc7zNOG9eddR5Ksd8rvFEBc9SsggPpg==}

  log@6.3.2:
    resolution: {integrity: sha512-ek8NRg/OPvS9ISOJNWNAz5vZcpYacWNFDWNJjj5OXsc6YuKacfey6wF04cXz/tOJIVrZ2nGSkHpAY5qKtF6ISg==}
    engines: {node: '>=0.12'}

  luxon@3.5.0:
    resolution: {integrity: sha512-rh+Zjr6DNfUYR3bPwJEnuwDdqMbxZW7LOQfUN4B54+Cl+0o5zaU9RJ6bcidfDtC1cWCZXQ+nvX8bf6bAji37QQ==}
    engines: {node: '>=12'}

  mkdirp@3.0.1:
    resolution: {integrity: sha512-+NsyUUAZDmo6YVHzL/stxSu3t9YS1iljliy3BSDrXJ/dkn1KYdmtZODGGjLcc9XLgVVpH4KshHB8XmZgMhaBXg==}
    engines: {node: '>=10'}
    hasBin: true

  ms@2.1.3:
    resolution: {integrity: sha512-6FlzubTLZG3J2a/NVCAleEhjzq5oxgHyaCU9yYXvcLsvoVaHJq/s5xXI6/XXP6tz7R9xAOtHnSO/tXtF3WRTlA==}

  msgpackr-extract@3.0.3:
    resolution: {integrity: sha512-P0efT1C9jIdVRefqjzOQ9Xml57zpOXnIuS+csaB4MdZbTdmGDLo8XhzBG1N7aO11gKDDkJvBLULeFTo46wwreA==}
    hasBin: true

  msgpackr@1.11.2:
    resolution: {integrity: sha512-F9UngXRlPyWCDEASDpTf6c9uNhGPTqnTeLVt7bN+bU1eajoR/8V9ys2BRaV5C/e5ihE6sJ9uPIKaYt6bFuO32g==}

  next-tick@1.1.0:
    resolution: {integrity: sha512-CXdUiJembsNjuToQvxayPZF9Vqht7hewsvy2sOWafLvi2awflj9mOC6bHIg50orX8IJvWKY9wYQ/zB2kogPslQ==}

  node-abort-controller@3.1.1:
    resolution: {integrity: sha512-AGK2yQKIjRuqnc6VkX2Xj5d+QW8xZ87pa1UK6yA6ouUyuxfHuMP6umE5QK7UmTeOAymo+Zx1Fxiuw9rVx8taHQ==}

  node-gyp-build-optional-packages@5.2.2:
    resolution: {integrity: sha512-s+w+rBWnpTMwSFbaE0UXsRlg7hU4FjekKU4eyAih5T8nJuNZT1nNsskXpxmeqSK9UzkBl6UgRlnKc8hz8IEqOw==}
    hasBin: true

  prisma@6.3.1:
    resolution: {integrity: sha512-JKCZWvBC3enxk51tY4TWzS4b5iRt4sSU1uHn2I183giZTvonXaQonzVtjLzpOHE7qu9MxY510kAtFGJwryKe3Q==}
    engines: {node: '>=18.18'}
    hasBin: true
    peerDependencies:
      typescript: '>=5.1.0'
    peerDependenciesMeta:
      typescript:
        optional: true

  redis-errors@1.2.0:
    resolution: {integrity: sha512-1qny3OExCf0UvUV/5wpYKf2YwPcOqXzkwKKSmKHiE6ZMQs5heeE/c8eXK+PNllPvmjgAbfnsbpkGZWy8cBpn9w==}
    engines: {node: '>=4'}

  redis-parser@3.0.0:
    resolution: {integrity: sha512-DJnGAeenTdpMEH6uAJRK/uiyEIH9WVsUmoLwzudwGJUwZPp80PDBWPHXSAGNPwNvIXAbe7MSUB1zQFugFml66A==}
    engines: {node: '>=4'}

  redis@4.7.0:
    resolution: {integrity: sha512-zvmkHEAdGMn+hMRXuMBtu4Vo5P6rHQjLoHftu+lBqq8ZTA3RCVC/WzD790bkKKiNFp7d5/9PcSD19fJyyRvOdQ==}

  semver@7.7.1:
    resolution: {integrity: sha512-hlq8tAfn0m/61p4BVRcPzIGr6LKiMwo4VM6dGi6pt4qcRkmNzTcWq6eCEjEh+qXjkMDvPlOFFSGwQjoEa6gyMA==}
    engines: {node: '>=10'}
    hasBin: true

  sprintf-kit@2.0.2:
    resolution: {integrity: sha512-lnapdj6W4LflHZGKvl9eVkz5YF0xaTrqpRWVA4cNVOTedwqifIP8ooGImldzT/4IAN5KXFQAyXTdLidYVQdyag==}
    engines: {node: '>=0.12'}

  standard-as-callback@2.1.0:
    resolution: {integrity: sha512-qoRRSyROncaz1z0mvYqIE4lCd9p2R90i6GxW3uZv5ucSu8tU7B5HXUP1gG8pVZsYNVaXjk8ClXHPttLyxAL48A==}

  tslib@2.8.1:
    resolution: {integrity: sha512-oJFu94HQb+KVduSUQL7wnpmqnfmLsOA/nAh6b6EH0wCEoK0/mPeXU6c3wKDV83MkOuHPRHtSXKKU99IBazS/2w==}

  type@2.7.3:
    resolution: {integrity: sha512-8j+1QmAbPvLZow5Qpi6NCaN8FB60p/6x8/vfNqOk/hC+HuvFZhL4+WfekuhQLiqFZXOgQdrs3B+XxEmCc6b3FQ==}

  undici-types@6.20.0:
    resolution: {integrity: sha512-Ny6QZ2Nju20vw1SRHe3d9jVu6gJ+4e3+MMpqu7pqE5HT6WsTSlce++GQmK5UXS8mzV8DSYHrQH+Xrf2jVcuKNg==}

  uni-global@1.0.0:
    resolution: {integrity: sha512-WWM3HP+siTxzIWPNUg7hZ4XO8clKi6NoCAJJWnuRL+BAqyFXF8gC03WNyTefGoUXYc47uYgXxpKLIEvo65PEHw==}

  uuid@9.0.1:
    resolution: {integrity: sha512-b+1eJOlsR9K8HJpow9Ok3fiWOWSIcIzXodvv0rQjVoOVNpWMpxf1wZNpt4y9h10odCNrqnYp1OBzRktckBe3sA==}
    hasBin: true

  ws@8.18.0:
    resolution: {integrity: sha512-8VbfWfHLbbwu3+N6OKsOMpBdT4kXPDDB9cJk2bJ6mh9ucxdlnNvH1e+roYkKmN9Nxw2yjz7VzeO9oOz2zJ04Pw==}
    engines: {node: '>=10.0.0'}
    peerDependencies:
      bufferutil: ^4.0.1
      utf-8-validate: '>=5.0.2'
    peerDependenciesMeta:
      bufferutil:
        optional: true
      utf-8-validate:
        optional: true

  yallist@4.0.0:
    resolution: {integrity: sha512-3wdGidZyq5PB084XLES5TpOSRA3wjXAlIWMhum2kRcv/41Sn2emQ0dycQW4uZXLejwKvg6EsvbdlVL+FYEct7A==}

  youtube-search-api@1.2.2:
    resolution: {integrity: sha512-zvC+3pDS5Cclv+n+EFunaHzTMAAgt88x5Cth5KpT1xL5Pic30U5oSN2HwFL7rofT8ffDrkitAmBK5UOo9JzjlA==}

snapshots:

  '@ioredis/commands@1.2.0': {}

  '@msgpackr-extract/msgpackr-extract-darwin-arm64@3.0.3':
    optional: true

  '@msgpackr-extract/msgpackr-extract-darwin-x64@3.0.3':
    optional: true

  '@msgpackr-extract/msgpackr-extract-linux-arm64@3.0.3':
    optional: true

  '@msgpackr-extract/msgpackr-extract-linux-arm@3.0.3':
    optional: true

  '@msgpackr-extract/msgpackr-extract-linux-x64@3.0.3':
    optional: true

  '@msgpackr-extract/msgpackr-extract-win32-x64@3.0.3':
    optional: true

  '@prisma/client@6.3.1(prisma@6.3.1)':
    optionalDependencies:
      prisma: 6.3.1

  '@prisma/debug@6.3.1': {}

  '@prisma/engines-version@6.3.0-17.acc0b9dd43eb689cbd20c9470515d719db10d0b0': {}

  '@prisma/engines@6.3.1':
    dependencies:
      '@prisma/debug': 6.3.1
      '@prisma/engines-version': 6.3.0-17.acc0b9dd43eb689cbd20c9470515d719db10d0b0
      '@prisma/fetch-engine': 6.3.1
      '@prisma/get-platform': 6.3.1

  '@prisma/fetch-engine@6.3.1':
    dependencies:
      '@prisma/debug': 6.3.1
      '@prisma/engines-version': 6.3.0-17.acc0b9dd43eb689cbd20c9470515d719db10d0b0
      '@prisma/get-platform': 6.3.1

  '@prisma/get-platform@6.3.1':
    dependencies:
      '@prisma/debug': 6.3.1

  '@redis/bloom@1.2.0(@redis/client@1.6.0)':
    dependencies:
      '@redis/client': 1.6.0

  '@redis/client@1.6.0':
    dependencies:
      cluster-key-slot: 1.1.2
      generic-pool: 3.9.0
      yallist: 4.0.0

  '@redis/graph@1.1.1(@redis/client@1.6.0)':
    dependencies:
      '@redis/client': 1.6.0

  '@redis/json@1.0.7(@redis/client@1.6.0)':
    dependencies:
      '@redis/client': 1.6.0

  '@redis/search@1.2.0(@redis/client@1.6.0)':
    dependencies:
      '@redis/client': 1.6.0

  '@redis/time-series@1.1.0(@redis/client@1.6.0)':
    dependencies:
      '@redis/client': 1.6.0

  '@types/dotenv@8.2.3':
    dependencies:
      dotenv: 16.4.7

  '@types/node@22.13.4':
    dependencies:
      undici-types: 6.20.0

  '@types/redis@4.0.11':
    dependencies:
      redis: 4.7.0

  '@types/ws@8.5.14':
    dependencies:
      '@types/node': 22.13.4

  axios@0.21.4:
    dependencies:
      follow-redirects: 1.15.9
    transitivePeerDependencies:
      - debug

  bullmq@5.41.2:
    dependencies:
      cron-parser: 4.9.0
      ioredis: 5.5.0
      msgpackr: 1.11.2
      node-abort-controller: 3.1.1
      semver: 7.7.1
      tslib: 2.8.1
      uuid: 9.0.1
    transitivePeerDependencies:
      - supports-color

  cluster-key-slot@1.1.2: {}

  cluster@0.7.7:
    dependencies:
      log: 6.3.2
      mkdirp: 3.0.1

  cron-parser@4.9.0:
    dependencies:
      luxon: 3.5.0

  d@1.0.2:
    dependencies:
      es5-ext: 0.10.64
      type: 2.7.3

  debug@4.4.0:
    dependencies:
      ms: 2.1.3

  denque@2.1.0: {}

  detect-libc@2.0.3:
    optional: true

  dotenv@16.4.7: {}

  duration@0.2.2:
    dependencies:
      d: 1.0.2
      es5-ext: 0.10.64

  es5-ext@0.10.64:
    dependencies:
      es6-iterator: 2.0.3
      es6-symbol: 3.1.4
      esniff: 2.0.1
      next-tick: 1.1.0

  es6-iterator@2.0.3:
    dependencies:
      d: 1.0.2
      es5-ext: 0.10.64
      es6-symbol: 3.1.4

  es6-symbol@3.1.4:
    dependencies:
      d: 1.0.2
      ext: 1.7.0

  esniff@2.0.1:
    dependencies:
      d: 1.0.2
      es5-ext: 0.10.64
      event-emitter: 0.3.5
      type: 2.7.3

  event-emitter@0.3.5:
    dependencies:
      d: 1.0.2
      es5-ext: 0.10.64

  ext@1.7.0:
    dependencies:
      type: 2.7.3

  follow-redirects@1.15.9: {}

  fsevents@2.3.3:
    optional: true

  generic-pool@3.9.0: {}

  ioredis@5.5.0:
    dependencies:
      '@ioredis/commands': 1.2.0
      cluster-key-slot: 1.1.2
      debug: 4.4.0
      denque: 2.1.0
      lodash.defaults: 4.2.0
      lodash.isarguments: 3.1.0
      redis-errors: 1.2.0
      redis-parser: 3.0.0
      standard-as-callback: 2.1.0
    transitivePeerDependencies:
      - supports-color

  lodash.defaults@4.2.0: {}

  lodash.isarguments@3.1.0: {}

  log@6.3.2:
    dependencies:
      d: 1.0.2
      duration: 0.2.2
      es5-ext: 0.10.64
      event-emitter: 0.3.5
      sprintf-kit: 2.0.2
      type: 2.7.3
      uni-global: 1.0.0

  luxon@3.5.0: {}

  mkdirp@3.0.1: {}

  ms@2.1.3: {}

  msgpackr-extract@3.0.3:
    dependencies:
      node-gyp-build-optional-packages: 5.2.2
    optionalDependencies:
      '@msgpackr-extract/msgpackr-extract-darwin-arm64': 3.0.3
      '@msgpackr-extract/msgpackr-extract-darwin-x64': 3.0.3
      '@msgpackr-extract/msgpackr-extract-linux-arm': 3.0.3
      '@msgpackr-extract/msgpackr-extract-linux-arm64': 3.0.3
      '@msgpackr-extract/msgpackr-extract-linux-x64': 3.0.3
      '@msgpackr-extract/msgpackr-extract-win32-x64': 3.0.3
    optional: true

  msgpackr@1.11.2:
    optionalDependencies:
      msgpackr-extract: 3.0.3

  next-tick@1.1.0: {}

  node-abort-controller@3.1.1: {}

  node-gyp-build-optional-packages@5.2.2:
    dependencies:
      detect-libc: 2.0.3
    optional: true

  prisma@6.3.1:
    dependencies:
      '@prisma/engines': 6.3.1
    optionalDependencies:
      fsevents: 2.3.3

  redis-errors@1.2.0: {}

  redis-parser@3.0.0:
    dependencies:
      redis-errors: 1.2.0

  redis@4.7.0:
    dependencies:
      '@redis/bloom': 1.2.0(@redis/client@1.6.0)
      '@redis/client': 1.6.0
      '@redis/graph': 1.1.1(@redis/client@1.6.0)
      '@redis/json': 1.0.7(@redis/client@1.6.0)
      '@redis/search': 1.2.0(@redis/client@1.6.0)
      '@redis/time-series': 1.1.0(@redis/client@1.6.0)

  semver@7.7.1: {}

  sprintf-kit@2.0.2:
    dependencies:
      es5-ext: 0.10.64

  standard-as-callback@2.1.0: {}

  tslib@2.8.1: {}

  type@2.7.3: {}

  undici-types@6.20.0: {}

  uni-global@1.0.0:
    dependencies:
      type: 2.7.3

  uuid@9.0.1: {}

  ws@8.18.0: {}

  yallist@4.0.0: {}

  youtube-search-api@1.2.2:
    dependencies:
      axios: 0.21.4
    transitivePeerDependencies:
      - debug
